{
  "name": "asir",
  "version": "1.0.0",
  "lockfileVersion": 1,
  "requires": true,
  "dependencies": {
    "vue": {
      "version": "2.6.6",
      "resolved": "https://registry.npmjs.org/vue/-/vue-2.6.6.tgz",
      "integrity": "sha512-Y2DdOZD8sxApS+iUlwv1v8U1qN41kq6Kw45lM6nVZKhygeWA49q7VCCXkjXqeDBXgurrKWkYQ9cJeEJwAq0b9Q=="
    },
    "vue-event-calendar": {
      "version": "1.5.2",
      "resolved": "https://registry.npmjs.org/vue-event-calendar/-/vue-event-calendar-1.5.2.tgz",
      "integrity": "sha512-ZUwTRl46GPOzYNGbtVdEicsw14JPC3YoaUbRf6eryAbomXwMcO0eCInGHDC+yZUWPGzj+trRObhVfTt4ytGFuA==",
      "requires": {
        "vue": "^2.1.8"
      }
    }
  }
}
